
Microsoft Visual Studio Solution File, Format Version 12.00
# Visual Studio 15
VisualStudioVersion = 15.0.27703.2035
MinimumVisualStudioVersion = 10.0.40219.1
Project("{2150E333-8FDC-42A3-9474-1A3956D46DE8}") = "Solution Items", "Solution Items", "{80713279-5674-41E3-BF49-D02A5B4F13D8}"
EndProject
Project("{FAE04EC0-301F-11D3-BF4B-00C04F79EFBC}") = "SrtsWeb", "SrtsWeb.csproj", "{8C86BB47-4699-4430-A1F2-DA017FAC1B2B}"
	ProjectSection(ProjectDependencies) = postProject
		{BB494908-6AFD-4E53-8C26-5A96F16A86F1} = {BB494908-6AFD-4E53-8C26-5A96F16A86F1}
		{3869C230-7A89-4A14-9298-769767554752} = {3869C230-7A89-4A14-9298-769767554752}
		{7A783EDF-1894-4D39-9895-AD647B1F2E9C} = {7A783EDF-1894-4D39-9895-AD647B1F2E9C}
	EndProjectSection
EndProject
Project("{FAE04EC0-301F-11D3-BF4B-00C04F79EFBC}") = "SrtsWeb.BusinessLayer", "BusinessLayer\SrtsWeb.BusinessLayer.csproj", "{BB494908-6AFD-4E53-8C26-5A96F16A86F1}"
EndProject
Project("{FAE04EC0-301F-11D3-BF4B-00C04F79EFBC}") = "SrtsWeb.DataLayer", "DataLayer\SrtsWeb.DataLayer.csproj", "{7A783EDF-1894-4D39-9895-AD647B1F2E9C}"
EndProject
Project("{FAE04EC0-301F-11D3-BF4B-00C04F79EFBC}") = "SrtsWeb.Entities", "Entities\SrtsWeb.Entities.csproj", "{3869C230-7A89-4A14-9298-769767554752}"
EndProject
Project("{FAE04EC0-301F-11D3-BF4B-00C04F79EFBC}") = "SrtsWeb.ExtendersHelpersEnums", "..\ExtendersHelpers\SrtsWeb.ExtendersHelpersEnums.csproj", "{A7BD6A82-456A-4844-BC89-54B3ACA02EAA}"
EndProject
Project("{FAE04EC0-301F-11D3-BF4B-00C04F79EFBC}") = "SrtsWeb.Views", "SrtsWeb.Views\SrtsWeb.Views.csproj", "{4F2292D7-1E0A-4B76-A3C2-7B270BBA0D44}"
EndProject
Project("{FAE04EC0-301F-11D3-BF4B-00C04F79EFBC}") = "SrtsWeb.Presenters", "SrtsWeb.Presenters\SrtsWeb.Presenters.csproj", "{8EB54AD0-91A3-4D37-A668-1ADEC9B96ECF}"
EndProject
Global
	GlobalSection(SolutionConfigurationPlatforms) = preSolution
		Debug|Any CPU = Debug|Any CPU
		Debug|Mixed Platforms = Debug|Mixed Platforms
		Debug|x86 = Debug|x86
		Release|Any CPU = Release|Any CPU
		Release|Mixed Platforms = Release|Mixed Platforms
		Release|x86 = Release|x86
		Srtstraining DEV|Any CPU = Srtstraining DEV|Any CPU
		Srtstraining DEV|Mixed Platforms = Srtstraining DEV|Mixed Platforms
		Srtstraining DEV|x86 = Srtstraining DEV|x86
		Srtstraining PRODTEST|Any CPU = Srtstraining PRODTEST|Any CPU
		Srtstraining PRODTEST|Mixed Platforms = Srtstraining PRODTEST|Mixed Platforms
		Srtstraining PRODTEST|x86 = Srtstraining PRODTEST|x86
		Srtstraining PRODUCTION|Any CPU = Srtstraining PRODUCTION|Any CPU
		Srtstraining PRODUCTION|Mixed Platforms = Srtstraining PRODUCTION|Mixed Platforms
		Srtstraining PRODUCTION|x86 = Srtstraining PRODUCTION|x86
		Srtsweb DEV|Any CPU = Srtsweb DEV|Any CPU
		Srtsweb DEV|Mixed Platforms = Srtsweb DEV|Mixed Platforms
		Srtsweb DEV|x86 = Srtsweb DEV|x86
		Srtsweb PRODTEST|Any CPU = Srtsweb PRODTEST|Any CPU
		Srtsweb PRODTEST|Mixed Platforms = Srtsweb PRODTEST|Mixed Platforms
		Srtsweb PRODTEST|x86 = Srtsweb PRODTEST|x86
		Srtsweb PRODUCTION|Any CPU = Srtsweb PRODUCTION|Any CPU
		Srtsweb PRODUCTION|Mixed Platforms = Srtsweb PRODUCTION|Mixed Platforms
		Srtsweb PRODUCTION|x86 = Srtsweb PRODUCTION|x86
	EndGlobalSection
	GlobalSection(ProjectConfigurationPlatforms) = postSolution
		{8C86BB47-4699-4430-A1F2-DA017FAC1B2B}.Debug|Any CPU.ActiveCfg = Srtstraining PRODTEST|Any CPU
		{8C86BB47-4699-4430-A1F2-DA017FAC1B2B}.Debug|Any CPU.Build.0 = Srtstraining PRODTEST|Any CPU
		{8C86BB47-4699-4430-A1F2-DA017FAC1B2B}.Debug|Mixed Platforms.ActiveCfg = Srtstraining DEV|Any CPU
		{8C86BB47-4699-4430-A1F2-DA017FAC1B2B}.Debug|Mixed Platforms.Build.0 = Srtstraining DEV|Any CPU
		{8C86BB47-4699-4430-A1F2-DA017FAC1B2B}.Debug|x86.ActiveCfg = Srtsweb PRODTEST|Any CPU
		{8C86BB47-4699-4430-A1F2-DA017FAC1B2B}.Debug|x86.Build.0 = Srtsweb PRODTEST|Any CPU
		{8C86BB47-4699-4430-A1F2-DA017FAC1B2B}.Release|Any CPU.ActiveCfg = Srtsweb PRODUCTION|Any CPU
		{8C86BB47-4699-4430-A1F2-DA017FAC1B2B}.Release|Any CPU.Build.0 = Srtsweb PRODUCTION|Any CPU
		{8C86BB47-4699-4430-A1F2-DA017FAC1B2B}.Release|Mixed Platforms.ActiveCfg = Srtsweb PRODUCTION|Any CPU
		{8C86BB47-4699-4430-A1F2-DA017FAC1B2B}.Release|Mixed Platforms.Build.0 = Srtsweb PRODUCTION|Any CPU
		{8C86BB47-4699-4430-A1F2-DA017FAC1B2B}.Release|x86.ActiveCfg = Srtsweb PRODTEST|Any CPU
		{8C86BB47-4699-4430-A1F2-DA017FAC1B2B}.Release|x86.Build.0 = Srtsweb PRODTEST|Any CPU
		{8C86BB47-4699-4430-A1F2-DA017FAC1B2B}.Srtstraining DEV|Any CPU.ActiveCfg = Srtstraining DEV|Any CPU
		{8C86BB47-4699-4430-A1F2-DA017FAC1B2B}.Srtstraining DEV|Any CPU.Build.0 = Srtstraining DEV|Any CPU
		{8C86BB47-4699-4430-A1F2-DA017FAC1B2B}.Srtstraining DEV|Mixed Platforms.ActiveCfg = Srtstraining DEV|Any CPU
		{8C86BB47-4699-4430-A1F2-DA017FAC1B2B}.Srtstraining DEV|Mixed Platforms.Build.0 = Srtstraining DEV|Any CPU
		{8C86BB47-4699-4430-A1F2-DA017FAC1B2B}.Srtstraining DEV|x86.ActiveCfg = Srtstraining DEV|Any CPU
		{8C86BB47-4699-4430-A1F2-DA017FAC1B2B}.Srtstraining PRODTEST|Any CPU.ActiveCfg = Srtstraining PRODTEST|Any CPU
		{8C86BB47-4699-4430-A1F2-DA017FAC1B2B}.Srtstraining PRODTEST|Any CPU.Build.0 = Srtstraining PRODTEST|Any CPU
		{8C86BB47-4699-4430-A1F2-DA017FAC1B2B}.Srtstraining PRODTEST|Mixed Platforms.ActiveCfg = Srtstraining PRODTEST|Any CPU
		{8C86BB47-4699-4430-A1F2-DA017FAC1B2B}.Srtstraining PRODTEST|Mixed Platforms.Build.0 = Srtstraining PRODTEST|Any CPU
		{8C86BB47-4699-4430-A1F2-DA017FAC1B2B}.Srtstraining PRODTEST|x86.ActiveCfg = Srtstraining PRODTEST|Any CPU
		{8C86BB47-4699-4430-A1F2-DA017FAC1B2B}.Srtstraining PRODUCTION|Any CPU.ActiveCfg = Srtstraining PRODUCTION|Any CPU
		{8C86BB47-4699-4430-A1F2-DA017FAC1B2B}.Srtstraining PRODUCTION|Any CPU.Build.0 = Srtstraining PRODUCTION|Any CPU
		{8C86BB47-4699-4430-A1F2-DA017FAC1B2B}.Srtstraining PRODUCTION|Mixed Platforms.ActiveCfg = Srtstraining PRODUCTION|Any CPU
		{8C86BB47-4699-4430-A1F2-DA017FAC1B2B}.Srtstraining PRODUCTION|Mixed Platforms.Build.0 = Srtstraining PRODUCTION|Any CPU
		{8C86BB47-4699-4430-A1F2-DA017FAC1B2B}.Srtstraining PRODUCTION|x86.ActiveCfg = Srtstraining PRODUCTION|Any CPU
		{8C86BB47-4699-4430-A1F2-DA017FAC1B2B}.Srtsweb DEV|Any CPU.ActiveCfg = Srtsweb DEV|Any CPU
		{8C86BB47-4699-4430-A1F2-DA017FAC1B2B}.Srtsweb DEV|Any CPU.Build.0 = Srtsweb DEV|Any CPU
		{8C86BB47-4699-4430-A1F2-DA017FAC1B2B}.Srtsweb DEV|Mixed Platforms.ActiveCfg = Srtsweb DEV|Any CPU
		{8C86BB47-4699-4430-A1F2-DA017FAC1B2B}.Srtsweb DEV|Mixed Platforms.Build.0 = Srtsweb DEV|Any CPU
		{8C86BB47-4699-4430-A1F2-DA017FAC1B2B}.Srtsweb DEV|x86.ActiveCfg = Srtsweb DEV|Any CPU
		{8C86BB47-4699-4430-A1F2-DA017FAC1B2B}.Srtsweb PRODTEST|Any CPU.ActiveCfg = Srtsweb PRODTEST|Any CPU
		{8C86BB47-4699-4430-A1F2-DA017FAC1B2B}.Srtsweb PRODTEST|Any CPU.Build.0 = Srtsweb PRODTEST|Any CPU
		{8C86BB47-4699-4430-A1F2-DA017FAC1B2B}.Srtsweb PRODTEST|Mixed Platforms.ActiveCfg = Srtsweb PRODTEST|Any CPU
		{8C86BB47-4699-4430-A1F2-DA017FAC1B2B}.Srtsweb PRODTEST|Mixed Platforms.Build.0 = Srtsweb PRODTEST|Any CPU
		{8C86BB47-4699-4430-A1F2-DA017FAC1B2B}.Srtsweb PRODTEST|x86.ActiveCfg = Srtsweb PRODTEST|Any CPU
		{8C86BB47-4699-4430-A1F2-DA017FAC1B2B}.Srtsweb PRODUCTION|Any CPU.ActiveCfg = Srtsweb PRODUCTION|Any CPU
		{8C86BB47-4699-4430-A1F2-DA017FAC1B2B}.Srtsweb PRODUCTION|Any CPU.Build.0 = Srtsweb PRODUCTION|Any CPU
		{8C86BB47-4699-4430-A1F2-DA017FAC1B2B}.Srtsweb PRODUCTION|Mixed Platforms.ActiveCfg = Srtsweb PRODUCTION|Any CPU
		{8C86BB47-4699-4430-A1F2-DA017FAC1B2B}.Srtsweb PRODUCTION|Mixed Platforms.Build.0 = Srtsweb PRODUCTION|Any CPU
		{8C86BB47-4699-4430-A1F2-DA017FAC1B2B}.Srtsweb PRODUCTION|x86.ActiveCfg = Srtsweb PRODUCTION|Any CPU
		{BB494908-6AFD-4E53-8C26-5A96F16A86F1}.Debug|Any CPU.ActiveCfg = Srtstraining PRODTEST|Any CPU
		{BB494908-6AFD-4E53-8C26-5A96F16A86F1}.Debug|Any CPU.Build.0 = Srtstraining PRODTEST|Any CPU
		{BB494908-6AFD-4E53-8C26-5A96F16A86F1}.Debug|Mixed Platforms.ActiveCfg = Srtstraining DEV|Any CPU
		{BB494908-6AFD-4E53-8C26-5A96F16A86F1}.Debug|Mixed Platforms.Build.0 = Srtstraining DEV|Any CPU
		{BB494908-6AFD-4E53-8C26-5A96F16A86F1}.Debug|x86.ActiveCfg = Srtsweb PRODUCTION|Any CPU
		{BB494908-6AFD-4E53-8C26-5A96F16A86F1}.Release|Any CPU.ActiveCfg = Srtsweb PRODUCTION|Any CPU
		{BB494908-6AFD-4E53-8C26-5A96F16A86F1}.Release|Any CPU.Build.0 = Srtsweb PRODUCTION|Any CPU
		{BB494908-6AFD-4E53-8C26-5A96F16A86F1}.Release|Mixed Platforms.ActiveCfg = Srtsweb PRODUCTION|Any CPU
		{BB494908-6AFD-4E53-8C26-5A96F16A86F1}.Release|Mixed Platforms.Build.0 = Srtsweb PRODUCTION|Any CPU
		{BB494908-6AFD-4E53-8C26-5A96F16A86F1}.Release|x86.ActiveCfg = Srtsweb PRODUCTION|Any CPU
		{BB494908-6AFD-4E53-8C26-5A96F16A86F1}.Srtstraining DEV|Any CPU.ActiveCfg = Srtstraining DEV|Any CPU
		{BB494908-6AFD-4E53-8C26-5A96F16A86F1}.Srtstraining DEV|Any CPU.Build.0 = Srtstraining DEV|Any CPU
		{BB494908-6AFD-4E53-8C26-5A96F16A86F1}.Srtstraining DEV|Mixed Platforms.ActiveCfg = Srtstraining DEV|Any CPU
		{BB494908-6AFD-4E53-8C26-5A96F16A86F1}.Srtstraining DEV|Mixed Platforms.Build.0 = Srtstraining DEV|Any CPU
		{BB494908-6AFD-4E53-8C26-5A96F16A86F1}.Srtstraining DEV|x86.ActiveCfg = Srtstraining DEV|Any CPU
		{BB494908-6AFD-4E53-8C26-5A96F16A86F1}.Srtstraining PRODTEST|Any CPU.ActiveCfg = Srtstraining PRODTEST|Any CPU
		{BB494908-6AFD-4E53-8C26-5A96F16A86F1}.Srtstraining PRODTEST|Any CPU.Build.0 = Srtstraining PRODTEST|Any CPU
		{BB494908-6AFD-4E53-8C26-5A96F16A86F1}.Srtstraining PRODTEST|Mixed Platforms.ActiveCfg = Srtstraining PRODTEST|Any CPU
		{BB494908-6AFD-4E53-8C26-5A96F16A86F1}.Srtstraining PRODTEST|Mixed Platforms.Build.0 = Srtstraining PRODTEST|Any CPU
		{BB494908-6AFD-4E53-8C26-5A96F16A86F1}.Srtstraining PRODTEST|x86.ActiveCfg = Srtstraining PRODTEST|Any CPU
		{BB494908-6AFD-4E53-8C26-5A96F16A86F1}.Srtstraining PRODUCTION|Any CPU.ActiveCfg = Srtstraining PRODUCTION|Any CPU
		{BB494908-6AFD-4E53-8C26-5A96F16A86F1}.Srtstraining PRODUCTION|Any CPU.Build.0 = Srtstraining PRODUCTION|Any CPU
		{BB494908-6AFD-4E53-8C26-5A96F16A86F1}.Srtstraining PRODUCTION|Mixed Platforms.ActiveCfg = Srtstraining PRODUCTION|Any CPU
		{BB494908-6AFD-4E53-8C26-5A96F16A86F1}.Srtstraining PRODUCTION|Mixed Platforms.Build.0 = Srtstraining PRODUCTION|Any CPU
		{BB494908-6AFD-4E53-8C26-5A96F16A86F1}.Srtstraining PRODUCTION|x86.ActiveCfg = Srtstraining PRODUCTION|Any CPU
		{BB494908-6AFD-4E53-8C26-5A96F16A86F1}.Srtsweb DEV|Any CPU.ActiveCfg = Srtsweb DEV|Any CPU
		{BB494908-6AFD-4E53-8C26-5A96F16A86F1}.Srtsweb DEV|Any CPU.Build.0 = Srtsweb DEV|Any CPU
		{BB494908-6AFD-4E53-8C26-5A96F16A86F1}.Srtsweb DEV|Mixed Platforms.ActiveCfg = Srtsweb DEV|Any CPU
		{BB494908-6AFD-4E53-8C26-5A96F16A86F1}.Srtsweb DEV|Mixed Platforms.Build.0 = Srtsweb DEV|Any CPU
		{BB494908-6AFD-4E53-8C26-5A96F16A86F1}.Srtsweb DEV|x86.ActiveCfg = Srtsweb DEV|Any CPU
		{BB494908-6AFD-4E53-8C26-5A96F16A86F1}.Srtsweb PRODTEST|Any CPU.ActiveCfg = Srtsweb PRODTEST|Any CPU
		{BB494908-6AFD-4E53-8C26-5A96F16A86F1}.Srtsweb PRODTEST|Any CPU.Build.0 = Srtsweb PRODTEST|Any CPU
		{BB494908-6AFD-4E53-8C26-5A96F16A86F1}.Srtsweb PRODTEST|Mixed Platforms.ActiveCfg = Srtsweb PRODTEST|Any CPU
		{BB494908-6AFD-4E53-8C26-5A96F16A86F1}.Srtsweb PRODTEST|Mixed Platforms.Build.0 = Srtsweb PRODTEST|Any CPU
		{BB494908-6AFD-4E53-8C26-5A96F16A86F1}.Srtsweb PRODTEST|x86.ActiveCfg = Srtsweb PRODTEST|Any CPU
		{BB494908-6AFD-4E53-8C26-5A96F16A86F1}.Srtsweb PRODUCTION|Any CPU.ActiveCfg = Srtsweb PRODUCTION|Any CPU
		{BB494908-6AFD-4E53-8C26-5A96F16A86F1}.Srtsweb PRODUCTION|Any CPU.Build.0 = Srtsweb PRODUCTION|Any CPU
		{BB494908-6AFD-4E53-8C26-5A96F16A86F1}.Srtsweb PRODUCTION|Any CPU.Deploy.0 = Srtsweb PRODUCTION|Any CPU
		{BB494908-6AFD-4E53-8C26-5A96F16A86F1}.Srtsweb PRODUCTION|Mixed Platforms.ActiveCfg = Srtsweb PRODUCTION|Any CPU
		{BB494908-6AFD-4E53-8C26-5A96F16A86F1}.Srtsweb PRODUCTION|Mixed Platforms.Build.0 = Srtsweb PRODUCTION|Any CPU
		{BB494908-6AFD-4E53-8C26-5A96F16A86F1}.Srtsweb PRODUCTION|x86.ActiveCfg = Srtsweb PRODUCTION|Any CPU
		{7A783EDF-1894-4D39-9895-AD647B1F2E9C}.Debug|Any CPU.ActiveCfg = Srtstraining PRODTEST|Any CPU
		{7A783EDF-1894-4D39-9895-AD647B1F2E9C}.Debug|Any CPU.Build.0 = Srtstraining PRODTEST|Any CPU
		{7A783EDF-1894-4D39-9895-AD647B1F2E9C}.Debug|Mixed Platforms.ActiveCfg = Srtstraining DEV|Any CPU
		{7A783EDF-1894-4D39-9895-AD647B1F2E9C}.Debug|Mixed Platforms.Build.0 = Srtstraining DEV|Any CPU
		{7A783EDF-1894-4D39-9895-AD647B1F2E9C}.Debug|x86.ActiveCfg = Srtsweb PRODUCTION|Any CPU
		{7A783EDF-1894-4D39-9895-AD647B1F2E9C}.Release|Any CPU.ActiveCfg = Srtsweb PRODUCTION|Any CPU
		{7A783EDF-1894-4D39-9895-AD647B1F2E9C}.Release|Any CPU.Build.0 = Srtsweb PRODUCTION|Any CPU
		{7A783EDF-1894-4D39-9895-AD647B1F2E9C}.Release|Mixed Platforms.ActiveCfg = Srtsweb PRODUCTION|Any CPU
		{7A783EDF-1894-4D39-9895-AD647B1F2E9C}.Release|Mixed Platforms.Build.0 = Srtsweb PRODUCTION|Any CPU
		{7A783EDF-1894-4D39-9895-AD647B1F2E9C}.Release|x86.ActiveCfg = Srtsweb PRODUCTION|Any CPU
		{7A783EDF-1894-4D39-9895-AD647B1F2E9C}.Srtstraining DEV|Any CPU.ActiveCfg = Srtstraining DEV|Any CPU
		{7A783EDF-1894-4D39-9895-AD647B1F2E9C}.Srtstraining DEV|Any CPU.Build.0 = Srtstraining DEV|Any CPU
		{7A783EDF-1894-4D39-9895-AD647B1F2E9C}.Srtstraining DEV|Mixed Platforms.ActiveCfg = Srtstraining DEV|Any CPU
		{7A783EDF-1894-4D39-9895-AD647B1F2E9C}.Srtstraining DEV|Mixed Platforms.Build.0 = Srtstraining DEV|Any CPU
		{7A783EDF-1894-4D39-9895-AD647B1F2E9C}.Srtstraining DEV|x86.ActiveCfg = Srtstraining DEV|Any CPU
		{7A783EDF-1894-4D39-9895-AD647B1F2E9C}.Srtstraining PRODTEST|Any CPU.ActiveCfg = Srtstraining PRODTEST|Any CPU
		{7A783EDF-1894-4D39-9895-AD647B1F2E9C}.Srtstraining PRODTEST|Any CPU.Build.0 = Srtstraining PRODTEST|Any CPU
		{7A783EDF-1894-4D39-9895-AD647B1F2E9C}.Srtstraining PRODTEST|Mixed Platforms.ActiveCfg = Srtstraining PRODTEST|Any CPU
		{7A783EDF-1894-4D39-9895-AD647B1F2E9C}.Srtstraining PRODTEST|Mixed Platforms.Build.0 = Srtstraining PRODTEST|Any CPU
		{7A783EDF-1894-4D39-9895-AD647B1F2E9C}.Srtstraining PRODTEST|x86.ActiveCfg = Srtstraining PRODTEST|Any CPU
		{7A783EDF-1894-4D39-9895-AD647B1F2E9C}.Srtstraining PRODUCTION|Any CPU.ActiveCfg = Srtstraining PRODUCTION|Any CPU
		{7A783EDF-1894-4D39-9895-AD647B1F2E9C}.Srtstraining PRODUCTION|Any CPU.Build.0 = Srtstraining PRODUCTION|Any CPU
		{7A783EDF-1894-4D39-9895-AD647B1F2E9C}.Srtstraining PRODUCTION|Mixed Platforms.ActiveCfg = Srtstraining PRODUCTION|Any CPU
		{7A783EDF-1894-4D39-9895-AD647B1F2E9C}.Srtstraining PRODUCTION|Mixed Platforms.Build.0 = Srtstraining PRODUCTION|Any CPU
		{7A783EDF-1894-4D39-9895-AD647B1F2E9C}.Srtstraining PRODUCTION|x86.ActiveCfg = Srtstraining PRODUCTION|Any CPU
		{7A783EDF-1894-4D39-9895-AD647B1F2E9C}.Srtsweb DEV|Any CPU.ActiveCfg = Srtsweb DEV|Any CPU
		{7A783EDF-1894-4D39-9895-AD647B1F2E9C}.Srtsweb DEV|Any CPU.Build.0 = Srtsweb DEV|Any CPU
		{7A783EDF-1894-4D39-9895-AD647B1F2E9C}.Srtsweb DEV|Mixed Platforms.ActiveCfg = Srtsweb DEV|Any CPU
		{7A783EDF-1894-4D39-9895-AD647B1F2E9C}.Srtsweb DEV|Mixed Platforms.Build.0 = Srtsweb DEV|Any CPU
		{7A783EDF-1894-4D39-9895-AD647B1F2E9C}.Srtsweb DEV|x86.ActiveCfg = Srtsweb DEV|Any CPU
		{7A783EDF-1894-4D39-9895-AD647B1F2E9C}.Srtsweb PRODTEST|Any CPU.ActiveCfg = Srtsweb PRODTEST|Any CPU
		{7A783EDF-1894-4D39-9895-AD647B1F2E9C}.Srtsweb PRODTEST|Any CPU.Build.0 = Srtsweb PRODTEST|Any CPU
		{7A783EDF-1894-4D39-9895-AD647B1F2E9C}.Srtsweb PRODTEST|Mixed Platforms.ActiveCfg = Srtsweb PRODTEST|Any CPU
		{7A783EDF-1894-4D39-9895-AD647B1F2E9C}.Srtsweb PRODTEST|Mixed Platforms.Build.0 = Srtsweb PRODTEST|Any CPU
		{7A783EDF-1894-4D39-9895-AD647B1F2E9C}.Srtsweb PRODTEST|x86.ActiveCfg = Srtsweb PRODTEST|Any CPU
		{7A783EDF-1894-4D39-9895-AD647B1F2E9C}.Srtsweb PRODUCTION|Any CPU.ActiveCfg = Srtsweb PRODUCTION|Any CPU
		{7A783EDF-1894-4D39-9895-AD647B1F2E9C}.Srtsweb PRODUCTION|Any CPU.Build.0 = Srtsweb PRODUCTION|Any CPU
		{7A783EDF-1894-4D39-9895-AD647B1F2E9C}.Srtsweb PRODUCTION|Any CPU.Deploy.0 = Srtsweb PRODUCTION|Any CPU
		{7A783EDF-1894-4D39-9895-AD647B1F2E9C}.Srtsweb PRODUCTION|Mixed Platforms.ActiveCfg = Srtsweb PRODUCTION|Any CPU
		{7A783EDF-1894-4D39-9895-AD647B1F2E9C}.Srtsweb PRODUCTION|Mixed Platforms.Build.0 = Srtsweb PRODUCTION|Any CPU
		{7A783EDF-1894-4D39-9895-AD647B1F2E9C}.Srtsweb PRODUCTION|x86.ActiveCfg = Srtsweb PRODUCTION|Any CPU
		{3869C230-7A89-4A14-9298-769767554752}.Debug|Any CPU.ActiveCfg = Srtstraining PRODTEST|Any CPU
		{3869C230-7A89-4A14-9298-769767554752}.Debug|Any CPU.Build.0 = Srtstraining PRODTEST|Any CPU
		{3869C230-7A89-4A14-9298-769767554752}.Debug|Mixed Platforms.ActiveCfg = Srtstraining DEV|Any CPU
		{3869C230-7A89-4A14-9298-769767554752}.Debug|Mixed Platforms.Build.0 = Srtstraining DEV|Any CPU
		{3869C230-7A89-4A14-9298-769767554752}.Debug|x86.ActiveCfg = Srtsweb PRODUCTION|Any CPU
		{3869C230-7A89-4A14-9298-769767554752}.Release|Any CPU.ActiveCfg = Srtsweb PRODUCTION|Any CPU
		{3869C230-7A89-4A14-9298-769767554752}.Release|Any CPU.Build.0 = Srtsweb PRODUCTION|Any CPU
		{3869C230-7A89-4A14-9298-769767554752}.Release|Mixed Platforms.ActiveCfg = Srtsweb PRODUCTION|Any CPU
		{3869C230-7A89-4A14-9298-769767554752}.Release|Mixed Platforms.Build.0 = Srtsweb PRODUCTION|Any CPU
		{3869C230-7A89-4A14-9298-769767554752}.Release|x86.ActiveCfg = Srtsweb PRODUCTION|Any CPU
		{3869C230-7A89-4A14-9298-769767554752}.Srtstraining DEV|Any CPU.ActiveCfg = Srtstraining DEV|Any CPU
		{3869C230-7A89-4A14-9298-769767554752}.Srtstraining DEV|Any CPU.Build.0 = Srtstraining DEV|Any CPU
		{3869C230-7A89-4A14-9298-769767554752}.Srtstraining DEV|Mixed Platforms.ActiveCfg = Srtstraining DEV|Any CPU
		{3869C230-7A89-4A14-9298-769767554752}.Srtstraining DEV|Mixed Platforms.Build.0 = Srtstraining DEV|Any CPU
		{3869C230-7A89-4A14-9298-769767554752}.Srtstraining DEV|x86.ActiveCfg = Srtstraining DEV|Any CPU
		{3869C230-7A89-4A14-9298-769767554752}.Srtstraining PRODTEST|Any CPU.ActiveCfg = Srtstraining PRODTEST|Any CPU
		{3869C230-7A89-4A14-9298-769767554752}.Srtstraining PRODTEST|Any CPU.Build.0 = Srtstraining PRODTEST|Any CPU
		{3869C230-7A89-4A14-9298-769767554752}.Srtstraining PRODTEST|Mixed Platforms.ActiveCfg = Srtstraining PRODTEST|Any CPU
		{3869C230-7A89-4A14-9298-769767554752}.Srtstraining PRODTEST|Mixed Platforms.Build.0 = Srtstraining PRODTEST|Any CPU
		{3869C230-7A89-4A14-9298-769767554752}.Srtstraining PRODTEST|x86.ActiveCfg = Srtstraining PRODTEST|Any CPU
		{3869C230-7A89-4A14-9298-769767554752}.Srtstraining PRODUCTION|Any CPU.ActiveCfg = Srtstraining PRODUCTION|Any CPU
		{3869C230-7A89-4A14-9298-769767554752}.Srtstraining PRODUCTION|Any CPU.Build.0 = Srtstraining PRODUCTION|Any CPU
		{3869C230-7A89-4A14-9298-769767554752}.Srtstraining PRODUCTION|Mixed Platforms.ActiveCfg = Srtstraining PRODUCTION|Any CPU
		{3869C230-7A89-4A14-9298-769767554752}.Srtstraining PRODUCTION|Mixed Platforms.Build.0 = Srtstraining PRODUCTION|Any CPU
		{3869C230-7A89-4A14-9298-769767554752}.Srtstraining PRODUCTION|x86.ActiveCfg = Srtstraining PRODUCTION|Any CPU
		{3869C230-7A89-4A14-9298-769767554752}.Srtsweb DEV|Any CPU.ActiveCfg = Srtsweb DEV|Any CPU
		{3869C230-7A89-4A14-9298-769767554752}.Srtsweb DEV|Any CPU.Build.0 = Srtsweb DEV|Any CPU
		{3869C230-7A89-4A14-9298-769767554752}.Srtsweb DEV|Mixed Platforms.ActiveCfg = Srtsweb DEV|Any CPU
		{3869C230-7A89-4A14-9298-769767554752}.Srtsweb DEV|Mixed Platforms.Build.0 = Srtsweb DEV|Any CPU
		{3869C230-7A89-4A14-9298-769767554752}.Srtsweb DEV|x86.ActiveCfg = Srtsweb DEV|Any CPU
		{3869C230-7A89-4A14-9298-769767554752}.Srtsweb PRODTEST|Any CPU.ActiveCfg = Srtsweb PRODTEST|Any CPU
		{3869C230-7A89-4A14-9298-769767554752}.Srtsweb PRODTEST|Any CPU.Build.0 = Srtsweb PRODTEST|Any CPU
		{3869C230-7A89-4A14-9298-769767554752}.Srtsweb PRODTEST|Mixed Platforms.ActiveCfg = Srtsweb PRODTEST|Any CPU
		{3869C230-7A89-4A14-9298-769767554752}.Srtsweb PRODTEST|Mixed Platforms.Build.0 = Srtsweb PRODTEST|Any CPU
		{3869C230-7A89-4A14-9298-769767554752}.Srtsweb PRODTEST|x86.ActiveCfg = Srtsweb PRODTEST|Any CPU
		{3869C230-7A89-4A14-9298-769767554752}.Srtsweb PRODUCTION|Any CPU.ActiveCfg = Srtsweb PRODUCTION|Any CPU
		{3869C230-7A89-4A14-9298-769767554752}.Srtsweb PRODUCTION|Any CPU.Build.0 = Srtsweb PRODUCTION|Any CPU
		{3869C230-7A89-4A14-9298-769767554752}.Srtsweb PRODUCTION|Mixed Platforms.ActiveCfg = Srtsweb PRODUCTION|Any CPU
		{3869C230-7A89-4A14-9298-769767554752}.Srtsweb PRODUCTION|Mixed Platforms.Build.0 = Srtsweb PRODUCTION|Any CPU
		{3869C230-7A89-4A14-9298-769767554752}.Srtsweb PRODUCTION|x86.ActiveCfg = Srtsweb PRODUCTION|Any CPU
		{A7BD6A82-456A-4844-BC89-54B3ACA02EAA}.Debug|Any CPU.ActiveCfg = Debug|Any CPU
		{A7BD6A82-456A-4844-BC89-54B3ACA02EAA}.Debug|Any CPU.Build.0 = Debug|Any CPU
		{A7BD6A82-456A-4844-BC89-54B3ACA02EAA}.Debug|Mixed Platforms.ActiveCfg = Debug|Any CPU
		{A7BD6A82-456A-4844-BC89-54B3ACA02EAA}.Debug|Mixed Platforms.Build.0 = Debug|Any CPU
		{A7BD6A82-456A-4844-BC89-54B3ACA02EAA}.Debug|x86.ActiveCfg = Debug|Any CPU
		{A7BD6A82-456A-4844-BC89-54B3ACA02EAA}.Release|Any CPU.ActiveCfg = Release|Any CPU
		{A7BD6A82-456A-4844-BC89-54B3ACA02EAA}.Release|Any CPU.Build.0 = Release|Any CPU
		{A7BD6A82-456A-4844-BC89-54B3ACA02EAA}.Release|Mixed Platforms.ActiveCfg = Release|Any CPU
		{A7BD6A82-456A-4844-BC89-54B3ACA02EAA}.Release|Mixed Platforms.Build.0 = Release|Any CPU
		{A7BD6A82-456A-4844-BC89-54B3ACA02EAA}.Release|x86.ActiveCfg = Release|Any CPU
		{A7BD6A82-456A-4844-BC89-54B3ACA02EAA}.Srtstraining DEV|Any CPU.ActiveCfg = Release|Any CPU
		{A7BD6A82-456A-4844-BC89-54B3ACA02EAA}.Srtstraining DEV|Any CPU.Build.0 = Release|Any CPU
		{A7BD6A82-456A-4844-BC89-54B3ACA02EAA}.Srtstraining DEV|Mixed Platforms.ActiveCfg = Release|Any CPU
		{A7BD6A82-456A-4844-BC89-54B3ACA02EAA}.Srtstraining DEV|Mixed Platforms.Build.0 = Release|Any CPU
		{A7BD6A82-456A-4844-BC89-54B3ACA02EAA}.Srtstraining DEV|x86.ActiveCfg = Release|Any CPU
		{A7BD6A82-456A-4844-BC89-54B3ACA02EAA}.Srtstraining PRODTEST|Any CPU.ActiveCfg = Release|Any CPU
		{A7BD6A82-456A-4844-BC89-54B3ACA02EAA}.Srtstraining PRODTEST|Any CPU.Build.0 = Release|Any CPU
		{A7BD6A82-456A-4844-BC89-54B3ACA02EAA}.Srtstraining PRODTEST|Mixed Platforms.ActiveCfg = Release|Any CPU
		{A7BD6A82-456A-4844-BC89-54B3ACA02EAA}.Srtstraining PRODTEST|Mixed Platforms.Build.0 = Release|Any CPU
		{A7BD6A82-456A-4844-BC89-54B3ACA02EAA}.Srtstraining PRODTEST|x86.ActiveCfg = Release|Any CPU
		{A7BD6A82-456A-4844-BC89-54B3ACA02EAA}.Srtstraining PRODUCTION|Any CPU.ActiveCfg = Release|Any CPU
		{A7BD6A82-456A-4844-BC89-54B3ACA02EAA}.Srtstraining PRODUCTION|Any CPU.Build.0 = Release|Any CPU
		{A7BD6A82-456A-4844-BC89-54B3ACA02EAA}.Srtstraining PRODUCTION|Mixed Platforms.ActiveCfg = Release|Any CPU
		{A7BD6A82-456A-4844-BC89-54B3ACA02EAA}.Srtstraining PRODUCTION|Mixed Platforms.Build.0 = Release|Any CPU
		{A7BD6A82-456A-4844-BC89-54B3ACA02EAA}.Srtstraining PRODUCTION|x86.ActiveCfg = Release|Any CPU
		{A7BD6A82-456A-4844-BC89-54B3ACA02EAA}.Srtsweb DEV|Any CPU.ActiveCfg = Release|Any CPU
		{A7BD6A82-456A-4844-BC89-54B3ACA02EAA}.Srtsweb DEV|Any CPU.Build.0 = Release|Any CPU
		{A7BD6A82-456A-4844-BC89-54B3ACA02EAA}.Srtsweb DEV|Mixed Platforms.ActiveCfg = Release|Any CPU
		{A7BD6A82-456A-4844-BC89-54B3ACA02EAA}.Srtsweb DEV|Mixed Platforms.Build.0 = Release|Any CPU
		{A7BD6A82-456A-4844-BC89-54B3ACA02EAA}.Srtsweb DEV|x86.ActiveCfg = Release|Any CPU
		{A7BD6A82-456A-4844-BC89-54B3ACA02EAA}.Srtsweb PRODTEST|Any CPU.ActiveCfg = Release|Any CPU
		{A7BD6A82-456A-4844-BC89-54B3ACA02EAA}.Srtsweb PRODTEST|Any CPU.Build.0 = Release|Any CPU
		{A7BD6A82-456A-4844-BC89-54B3ACA02EAA}.Srtsweb PRODTEST|Mixed Platforms.ActiveCfg = Release|Any CPU
		{A7BD6A82-456A-4844-BC89-54B3ACA02EAA}.Srtsweb PRODTEST|Mixed Platforms.Build.0 = Release|Any CPU
		{A7BD6A82-456A-4844-BC89-54B3ACA02EAA}.Srtsweb PRODTEST|x86.ActiveCfg = Release|Any CPU
		{A7BD6A82-456A-4844-BC89-54B3ACA02EAA}.Srtsweb PRODUCTION|Any CPU.ActiveCfg = Release|Any CPU
		{A7BD6A82-456A-4844-BC89-54B3ACA02EAA}.Srtsweb PRODUCTION|Any CPU.Build.0 = Release|Any CPU
		{A7BD6A82-456A-4844-BC89-54B3ACA02EAA}.Srtsweb PRODUCTION|Mixed Platforms.ActiveCfg = Release|Any CPU
		{A7BD6A82-456A-4844-BC89-54B3ACA02EAA}.Srtsweb PRODUCTION|Mixed Platforms.Build.0 = Release|Any CPU
		{A7BD6A82-456A-4844-BC89-54B3ACA02EAA}.Srtsweb PRODUCTION|x86.ActiveCfg = Release|Any CPU
		{4F2292D7-1E0A-4B76-A3C2-7B270BBA0D44}.Debug|Any CPU.ActiveCfg = Debug|Any CPU
		{4F2292D7-1E0A-4B76-A3C2-7B270BBA0D44}.Debug|Any CPU.Build.0 = Debug|Any CPU
		{4F2292D7-1E0A-4B76-A3C2-7B270BBA0D44}.Debug|Mixed Platforms.ActiveCfg = Debug|Any CPU
		{4F2292D7-1E0A-4B76-A3C2-7B270BBA0D44}.Debug|Mixed Platforms.Build.0 = Debug|Any CPU
		{4F2292D7-1E0A-4B76-A3C2-7B270BBA0D44}.Debug|x86.ActiveCfg = Debug|Any CPU
		{4F2292D7-1E0A-4B76-A3C2-7B270BBA0D44}.Release|Any CPU.ActiveCfg = Release|Any CPU
		{4F2292D7-1E0A-4B76-A3C2-7B270BBA0D44}.Release|Any CPU.Build.0 = Release|Any CPU
		{4F2292D7-1E0A-4B76-A3C2-7B270BBA0D44}.Release|Mixed Platforms.ActiveCfg = Release|Any CPU
		{4F2292D7-1E0A-4B76-A3C2-7B270BBA0D44}.Release|Mixed Platforms.Build.0 = Release|Any CPU
		{4F2292D7-1E0A-4B76-A3C2-7B270BBA0D44}.Release|x86.ActiveCfg = Release|Any CPU
		{4F2292D7-1E0A-4B76-A3C2-7B270BBA0D44}.Srtstraining DEV|Any CPU.ActiveCfg = Release|Any CPU
		{4F2292D7-1E0A-4B76-A3C2-7B270BBA0D44}.Srtstraining DEV|Any CPU.Build.0 = Release|Any CPU
		{4F2292D7-1E0A-4B76-A3C2-7B270BBA0D44}.Srtstraining DEV|Mixed Platforms.ActiveCfg = Release|Any CPU
		{4F2292D7-1E0A-4B76-A3C2-7B270BBA0D44}.Srtstraining DEV|Mixed Platforms.Build.0 = Release|Any CPU
		{4F2292D7-1E0A-4B76-A3C2-7B270BBA0D44}.Srtstraining DEV|x86.ActiveCfg = Release|Any CPU
		{4F2292D7-1E0A-4B76-A3C2-7B270BBA0D44}.Srtstraining PRODTEST|Any CPU.ActiveCfg = Release|Any CPU
		{4F2292D7-1E0A-4B76-A3C2-7B270BBA0D44}.Srtstraining PRODTEST|Any CPU.Build.0 = Release|Any CPU
		{4F2292D7-1E0A-4B76-A3C2-7B270BBA0D44}.Srtstraining PRODTEST|Mixed Platforms.ActiveCfg = Release|Any CPU
		{4F2292D7-1E0A-4B76-A3C2-7B270BBA0D44}.Srtstraining PRODTEST|Mixed Platforms.Build.0 = Release|Any CPU
		{4F2292D7-1E0A-4B76-A3C2-7B270BBA0D44}.Srtstraining PRODTEST|x86.ActiveCfg = Release|Any CPU
		{4F2292D7-1E0A-4B76-A3C2-7B270BBA0D44}.Srtstraining PRODUCTION|Any CPU.ActiveCfg = Release|Any CPU
		{4F2292D7-1E0A-4B76-A3C2-7B270BBA0D44}.Srtstraining PRODUCTION|Any CPU.Build.0 = Release|Any CPU
		{4F2292D7-1E0A-4B76-A3C2-7B270BBA0D44}.Srtstraining PRODUCTION|Mixed Platforms.ActiveCfg = Release|Any CPU
		{4F2292D7-1E0A-4B76-A3C2-7B270BBA0D44}.Srtstraining PRODUCTION|Mixed Platforms.Build.0 = Release|Any CPU
		{4F2292D7-1E0A-4B76-A3C2-7B270BBA0D44}.Srtstraining PRODUCTION|x86.ActiveCfg = Release|Any CPU
		{4F2292D7-1E0A-4B76-A3C2-7B270BBA0D44}.Srtsweb DEV|Any CPU.ActiveCfg = Release|Any CPU
		{4F2292D7-1E0A-4B76-A3C2-7B270BBA0D44}.Srtsweb DEV|Any CPU.Build.0 = Release|Any CPU
		{4F2292D7-1E0A-4B76-A3C2-7B270BBA0D44}.Srtsweb DEV|Mixed Platforms.ActiveCfg = Release|Any CPU
		{4F2292D7-1E0A-4B76-A3C2-7B270BBA0D44}.Srtsweb DEV|Mixed Platforms.Build.0 = Release|Any CPU
		{4F2292D7-1E0A-4B76-A3C2-7B270BBA0D44}.Srtsweb DEV|x86.ActiveCfg = Release|Any CPU
		{4F2292D7-1E0A-4B76-A3C2-7B270BBA0D44}.Srtsweb PRODTEST|Any CPU.ActiveCfg = Release|Any CPU
		{4F2292D7-1E0A-4B76-A3C2-7B270BBA0D44}.Srtsweb PRODTEST|Any CPU.Build.0 = Release|Any CPU
		{4F2292D7-1E0A-4B76-A3C2-7B270BBA0D44}.Srtsweb PRODTEST|Mixed Platforms.ActiveCfg = Release|Any CPU
		{4F2292D7-1E0A-4B76-A3C2-7B270BBA0D44}.Srtsweb PRODTEST|Mixed Platforms.Build.0 = Release|Any CPU
		{4F2292D7-1E0A-4B76-A3C2-7B270BBA0D44}.Srtsweb PRODTEST|x86.ActiveCfg = Release|Any CPU
		{4F2292D7-1E0A-4B76-A3C2-7B270BBA0D44}.Srtsweb PRODUCTION|Any CPU.ActiveCfg = Release|Any CPU
		{4F2292D7-1E0A-4B76-A3C2-7B270BBA0D44}.Srtsweb PRODUCTION|Any CPU.Build.0 = Release|Any CPU
		{4F2292D7-1E0A-4B76-A3C2-7B270BBA0D44}.Srtsweb PRODUCTION|Mixed Platforms.ActiveCfg = Release|Any CPU
		{4F2292D7-1E0A-4B76-A3C2-7B270BBA0D44}.Srtsweb PRODUCTION|Mixed Platforms.Build.0 = Release|Any CPU
		{4F2292D7-1E0A-4B76-A3C2-7B270BBA0D44}.Srtsweb PRODUCTION|x86.ActiveCfg = Release|Any CPU
		{8EB54AD0-91A3-4D37-A668-1ADEC9B96ECF}.Debug|Any CPU.ActiveCfg = Debug|Any CPU
		{8EB54AD0-91A3-4D37-A668-1ADEC9B96ECF}.Debug|Any CPU.Build.0 = Debug|Any CPU
		{8EB54AD0-91A3-4D37-A668-1ADEC9B96ECF}.Debug|Mixed Platforms.ActiveCfg = Debug|Any CPU
		{8EB54AD0-91A3-4D37-A668-1ADEC9B96ECF}.Debug|Mixed Platforms.Build.0 = Debug|Any CPU
		{8EB54AD0-91A3-4D37-A668-1ADEC9B96ECF}.Debug|x86.ActiveCfg = Debug|Any CPU
		{8EB54AD0-91A3-4D37-A668-1ADEC9B96ECF}.Release|Any CPU.ActiveCfg = Release|Any CPU
		{8EB54AD0-91A3-4D37-A668-1ADEC9B96ECF}.Release|Any CPU.Build.0 = Release|Any CPU
		{8EB54AD0-91A3-4D37-A668-1ADEC9B96ECF}.Release|Mixed Platforms.ActiveCfg = Release|Any CPU
		{8EB54AD0-91A3-4D37-A668-1ADEC9B96ECF}.Release|Mixed Platforms.Build.0 = Release|Any CPU
		{8EB54AD0-91A3-4D37-A668-1ADEC9B96ECF}.Release|x86.ActiveCfg = Release|Any CPU
		{8EB54AD0-91A3-4D37-A668-1ADEC9B96ECF}.Srtstraining DEV|Any CPU.ActiveCfg = Release|Any CPU
		{8EB54AD0-91A3-4D37-A668-1ADEC9B96ECF}.Srtstraining DEV|Any CPU.Build.0 = Release|Any CPU
		{8EB54AD0-91A3-4D37-A668-1ADEC9B96ECF}.Srtstraining DEV|Mixed Platforms.ActiveCfg = Release|Any CPU
		{8EB54AD0-91A3-4D37-A668-1ADEC9B96ECF}.Srtstraining DEV|Mixed Platforms.Build.0 = Release|Any CPU
		{8EB54AD0-91A3-4D37-A668-1ADEC9B96ECF}.Srtstraining DEV|x86.ActiveCfg = Release|Any CPU
		{8EB54AD0-91A3-4D37-A668-1ADEC9B96ECF}.Srtstraining PRODTEST|Any CPU.ActiveCfg = Release|Any CPU
		{8EB54AD0-91A3-4D37-A668-1ADEC9B96ECF}.Srtstraining PRODTEST|Any CPU.Build.0 = Release|Any CPU
		{8EB54AD0-91A3-4D37-A668-1ADEC9B96ECF}.Srtstraining PRODTEST|Mixed Platforms.ActiveCfg = Release|Any CPU
		{8EB54AD0-91A3-4D37-A668-1ADEC9B96ECF}.Srtstraining PRODTEST|Mixed Platforms.Build.0 = Release|Any CPU
		{8EB54AD0-91A3-4D37-A668-1ADEC9B96ECF}.Srtstraining PRODTEST|x86.ActiveCfg = Release|Any CPU
		{8EB54AD0-91A3-4D37-A668-1ADEC9B96ECF}.Srtstraining PRODUCTION|Any CPU.ActiveCfg = Release|Any CPU
		{8EB54AD0-91A3-4D37-A668-1ADEC9B96ECF}.Srtstraining PRODUCTION|Any CPU.Build.0 = Release|Any CPU
		{8EB54AD0-91A3-4D37-A668-1ADEC9B96ECF}.Srtstraining PRODUCTION|Mixed Platforms.ActiveCfg = Release|Any CPU
		{8EB54AD0-91A3-4D37-A668-1ADEC9B96ECF}.Srtstraining PRODUCTION|Mixed Platforms.Build.0 = Release|Any CPU
		{8EB54AD0-91A3-4D37-A668-1ADEC9B96ECF}.Srtstraining PRODUCTION|x86.ActiveCfg = Release|Any CPU
		{8EB54AD0-91A3-4D37-A668-1ADEC9B96ECF}.Srtsweb DEV|Any CPU.ActiveCfg = Release|Any CPU
		{8EB54AD0-91A3-4D37-A668-1ADEC9B96ECF}.Srtsweb DEV|Any CPU.Build.0 = Release|Any CPU
		{8EB54AD0-91A3-4D37-A668-1ADEC9B96ECF}.Srtsweb DEV|Mixed Platforms.ActiveCfg = Release|Any CPU
		{8EB54AD0-91A3-4D37-A668-1ADEC9B96ECF}.Srtsweb DEV|Mixed Platforms.Build.0 = Release|Any CPU
		{8EB54AD0-91A3-4D37-A668-1ADEC9B96ECF}.Srtsweb DEV|x86.ActiveCfg = Release|Any CPU
		{8EB54AD0-91A3-4D37-A668-1ADEC9B96ECF}.Srtsweb PRODTEST|Any CPU.ActiveCfg = Release|Any CPU
		{8EB54AD0-91A3-4D37-A668-1ADEC9B96ECF}.Srtsweb PRODTEST|Any CPU.Build.0 = Release|Any CPU
		{8EB54AD0-91A3-4D37-A668-1ADEC9B96ECF}.Srtsweb PRODTEST|Mixed Platforms.ActiveCfg = Release|Any CPU
		{8EB54AD0-91A3-4D37-A668-1ADEC9B96ECF}.Srtsweb PRODTEST|Mixed Platforms.Build.0 = Release|Any CPU
		{8EB54AD0-91A3-4D37-A668-1ADEC9B96ECF}.Srtsweb PRODTEST|x86.ActiveCfg = Release|Any CPU
		{8EB54AD0-91A3-4D37-A668-1ADEC9B96ECF}.Srtsweb PRODUCTION|Any CPU.ActiveCfg = Release|Any CPU
		{8EB54AD0-91A3-4D37-A668-1ADEC9B96ECF}.Srtsweb PRODUCTION|Any CPU.Build.0 = Release|Any CPU
		{8EB54AD0-91A3-4D37-A668-1ADEC9B96ECF}.Srtsweb PRODUCTION|Mixed Platforms.ActiveCfg = Release|Any CPU
		{8EB54AD0-91A3-4D37-A668-1ADEC9B96ECF}.Srtsweb PRODUCTION|Mixed Platforms.Build.0 = Release|Any CPU
		{8EB54AD0-91A3-4D37-A668-1ADEC9B96ECF}.Srtsweb PRODUCTION|x86.ActiveCfg = Release|Any CPU
	EndGlobalSection
	GlobalSection(SolutionProperties) = preSolution
		HideSolutionNode = FALSE
	EndGlobalSection
	GlobalSection(ExtensibilityGlobals) = postSolution
		SolutionGuid = {3A1D303F-4C17-4A69-90DC-8F0BCC794C7A}
	EndGlobalSection
	GlobalSection(TeamFoundationVersionControl) = preSolution
		SccNumberOfProjects = 8
		SccEnterpriseProvider = {4CA58AB2-18FA-4F8D-95D4-32DDF27D184C}
		SccTeamFoundationServer = https://tilsadbvbm094.medb.ds.osd.mil/tfs/tfs_sdd_collection
		SccLocalPath0 = .
		SccProjectUniqueName1 = SrtsWeb.csproj
		SccLocalPath1 = .
		SccProjectUniqueName2 = Entities\\SrtsWeb.Entities.csproj
		SccProjectName2 = Entities
		SccLocalPath2 = Entities
		SccProjectUniqueName3 = DataLayer\\SrtsWeb.DataLayer.csproj
		SccProjectName3 = DataLayer
		SccLocalPath3 = DataLayer
		SccProjectUniqueName4 = SrtsWeb.Views\\SrtsWeb.Views.csproj
		SccProjectName4 = SrtsWeb.Views
		SccLocalPath4 = SrtsWeb.Views
		SccProjectUniqueName5 = SrtsWeb.Presenters\\SrtsWeb.Presenters.csproj
		SccProjectName5 = SrtsWeb.Presenters
		SccLocalPath5 = SrtsWeb.Presenters
		SccProjectUniqueName6 = ..\\ExtendersHelpers\\SrtsWeb.ExtendersHelpersEnums.csproj
		SccProjectName6 = ../ExtendersHelpers
		SccLocalPath6 = ..\\ExtendersHelpers
		SccProjectUniqueName7 = BusinessLayer\\SrtsWeb.BusinessLayer.csproj
		SccProjectName7 = BusinessLayer
		SccLocalPath7 = BusinessLayer
	EndGlobalSection
EndGlobal
